# This file is automatically @generated by Poetry 2.3.4 and should not be changed by hand.

[[package]]
name = "click"
version = "8.3.2"
description = "Composable command line interface toolkit"
optional = false
python-versions = ">=3.10"
groups = ["main"]
files = [
    {file = "click-8.3.2-py3-none-any.whl", hash = "sha256:1924d2c27c5653561cd2cae4548d1406039cb79b858b747cfea24924bbc1616d"},
    {file = "click-8.3.2.tar.gz", hash = "sha256:14162b8b3b3550a7d479eafa77dfd3c38d9dc8951f6f69c78913a8f9a7540fd5"},
]

[package.dependencies]
colorama = {version = "*", markers = "platform_system == \"Windows\""}

[[package]]
name = "colorama"
version = "0.4.6"
description = "Cross-platform colored terminal text."
optional = false
python-versions = "!=3.0.*,!=3.1.*,!=3.2.*,!=3.3.*,!=3.4.*,!=3.5.*,!=3.6.*,>=2.7"
groups = ["main"]
markers = "platform_system == \"Windows\""
files = [
    {file = "colorama-0.4.6-py2.py3-none-any.whl", hash = "sha256:4f1d9991f5acc0ca119f9d443620b77f9d6b33703e51011c16baf57afb285fc6"},
    {file = "colorama-0.4.6.tar.gz", hash = "sha256:08695f5cb7ed6e0531a20572697297273c47b8cae5a63ffc6d6ed5c201be6e44"},
]

[[package]]
name = "dbus-fast"
version = "4.0.4"
description = "A faster version of dbus-next"
optional = false
python-versions = ">=3.10"
groups = ["main"]
files = [
    {file = "dbus_fast-4.0.4-cp310-cp310-macosx_11_0_arm64.whl", hash = "sha256:cc3955d9b86717a2b126700842012e30df3c3b263707154047e9b06e91d7b48d"},
    {file = "dbus_fast-4.0.4-cp310-cp310-manylinux2014_aarch64.manylinux_2_17_aarch64.manylinux_2_28_aarch64.whl", hash = "sha256:d1dc97206c3f7fbf45e2fc12a2a3fdf0f080325a342a140edece4bf33f0bfd23"},
    {file = "dbus_fast-4.0.4-cp310-cp310-manylinux2014_x86_64.manylinux_2_17_x86_64.manylinux_2_28_x86_64.whl", hash = "sha256:864e032aabfae051db27e1b63055a0f6460d0121d36ddcbe97b903149fa932f6"},
    {file = "dbus_fast-4.0.4-cp310-cp310-musllinux_1_2_aarch64.whl", hash = "sha256:6738fa2a98652caf29e3368e6532f3faead007739f464d047c2cc46ec5b56f6c"},
    {file = "dbus_fast-4.0.4-cp310-cp310-musllinux_1_2_x86_64.whl", hash = "sha256:ed82af97d3ceee7ba31a169b5b8b9341e05ebf45fdf93f02d2fee0b74ef56190"},
    {file = "dbus_fast-4.0.4-cp311-cp311-macosx_11_0_arm64.whl", hash = "sha256:54c67a84a9f633a745c5bf6a37fece3c13f4057b4ecb23a2e83600423cd78057"},
    {file = "dbus_fast-4.0.4-cp311-cp311-manylinux2014_aarch64.manylinux_2_17_aarch64.manylinux_2_28_aarch64.whl", hash = "sha256:cf5109bbc98c8427f3cc22030de55e57a7288550bc0701a493905bbad3b3dc93"},
    {file = "dbus_fast-4.0.4-cp311-cp311-manylinux2014_x86_64.manylinux_2_17_x86_64.manylinux_2_28_x86_64.whl", hash = "sha256:baca8ffed5a5b18cce9c1f17820cc699512bc97ac0743b8b88c61159aa0c961a"},
    {file = "dbus_fast-4.0.4-cp311-cp311-musllinux_1_2_aarch64.whl", hash = "sha256:cb570c6c8dac1ee2ca02621c0d410ec78d1a96535deee8a34e3028f475be7675"},
    {file = "dbus_fast-4.0.4-cp311-cp311-musllinux_1_2_x86_64.whl", hash = "sha256:1a2ee216e0ddd7b4db397bb31ff71741f6c7fc9618d9ca201e0096d9523b4f33"},
    {file = "dbus_fast-4.0.4-cp312-cp312-macosx_11_0_arm64.whl", hash = "sha256:139b462190f7421e55fec421108f824425a559b3d9a5e0b15421e68275735bad"},
    {file = "dbus_fast-4.0.4-cp312-cp312-manylinux2014_aarch64.manylinux_2_17_aarch64.manylinux_2_28_aarch64.whl", hash = "sha256:00a3db08cf1d98bbedfb73467b774fd49adcf83935b8a92f6c552ce78d93491f"},
    {file = "dbus_fast-4.0.4-cp312-cp312-manylinux2014_x86_64.manylinux_2_17_x86_64.manylinux_2_28_x86_64.whl", hash = "sha256:74183b4ef4cc79a9cd1a46e006c19d00ce9abc7d99d36e6adcd094f414446d38"},
    {file = "dbus_fast-4.0.4-cp312-cp312-musllinux_1_2_aarch64.whl", hash = "sha256:003f042b1299ebac900d6ee30e8ab2a29988937f56792894da7b5d39a26b1f5f"},
    {file = "dbus_fast-4.0.4-cp312-cp312-musllinux_1_2_x86_64.whl", hash = "sha256:87be8a41330481c3d3a5e30af10ec713e4f08fe0d6c36f5a401eaef7b5526417"},
    {file = "dbus_fast-4.0.4-cp313-cp313-macosx_11_0_arm64.whl", hash = "sha256:728bc8a02302c6677a42da2b037580755b29c8fccd5c0866acc529053b2d374d"},
    {file = "dbus_fast-4.0.4-cp313-cp313-manylinux2014_aarch64.manylinux_2_17_aarch64.manylinux_2_28_aarch64.whl", hash = "sha256:1fe60ce3a97e265a3ad117b7f40fc8c08357781b1a2ed3e853f29f9e35d24af7"},
    {file = "dbus_fast-4.0.4-cp313-cp313-manylinux2014_x86_64.manylinux_2_17_x86_64.manylinux_2_28_x86_64.whl", hash = "sha256:982235dabb7e7187df4c2c299d95a6232aebc95c8c906496f630265a10bfdf95"},
    {file = "dbus_fast-4.0.4-cp313-cp313-musllinux_1_2_aarch64.whl", hash = "sha256:33c0168e0e65ed2d0fa91682773cc893472e3d71a5e085ee082e6484c2d29f4a"},
    {file = "dbus_fast-4.0.4-cp313-cp313-musllinux_1_2_x86_64.whl", hash = "sha256:069df5d46390299d7fccfc0e704af504a8b75794c2c3bc0246b6db0db1f245b0"},
    {file = "dbus_fast-4.0.4-cp314-cp314-macosx_11_0_arm64.whl", hash = "sha256:3564c8a756903a6edf01ceb4dd4927354f03b40a28f000e2b896f02a784e9301"},
    {file = "dbus_fast-4.0.4-cp314-cp314-manylinux2014_aarch64.manylinux_2_17_aarch64.manylinux_2_28_aarch64.whl", hash = "sha256:0c3a8c07d672b1656a9c7cbdc9a85f493602f72fce8e7f9d97c5e972fa22a684"},
    {file = "dbus_fast-4.0.4-cp314-cp314-manylinux2014_x86_64.manylinux_2_17_x86_64.manylinux_2_28_x86_64.whl", hash = "sha256:5512b9901ba600f1efdae2555ea18da2b67a46e5c24e397edb38ecbbde4aa43f"},
    {file = "dbus_fast-4.0.4-cp314-cp314-manylinux_2_41_x86_64.whl", hash = "sha256:36f86ba826f05c4d238c9198ae962f90a9cd27ffacd3a4a988166b3d06c699ca"},
    {file = "dbus_fast-4.0.4-cp314-cp314-musllinux_1_2_aarch64.whl", hash = "sha256:df0f88a9c1c9f9365627fbfb3dcae3589a12fdc82594945832cb24d9a62674d1"},
    {file = "dbus_fast-4.0.4-cp314-cp314-musllinux_1_2_x86_64.whl", hash = "sha256:4c6c8722e829b8e750fd6db2906b298d3bcfc32d8cdf766e50ba474ef48bf2af"},
    {file = "dbus_fast-4.0.4-cp314-cp314t-macosx_11_0_arm64.whl", hash = "sha256:8a515e8de0e5971e64a3f49fad2e536b6d2167a9f489e597baf7c802cfb7eef3"},
    {file = "dbus_fast-4.0.4-cp314-cp314t-manylinux2014_aarch64.manylinux_2_17_aarch64.manylinux_2_28_aarch64.whl", hash = "sha256:ad5240c29ec631f9610e03a6bbf4f4c22274e04ea8791e8401542cd6cdbd7b28"},
    {file = "dbus_fast-4.0.4-cp314-cp314t-manylinux2014_x86_64.manylinux_2_17_x86_64.manylinux_2_28_x86_64.whl", hash = "sha256:5843c3e543ac1d48cafff67394ada9e568f20d122b44408e378ae43402b785ca"},
    {file = "dbus_fast-4.0.4-cp314-cp314t-musllinux_1_2_aarch64.whl", hash = "sha256:7ebb845f2e15ef19f4a99cb879dfbcb1c7028a97d5aaba93b36f65cfd938a022"},
    {file = "dbus_fast-4.0.4-cp314-cp314t-musllinux_1_2_x86_64.whl", hash = "sha256:698fe83128150dd49aaa7deb5493523309f0a9749c3c075730a6981851607455"},
    {file = "dbus_fast-4.0.4-cp39-cp39-macosx_11_0_arm64.whl", hash = "sha256:f815c979322e0f2e0ad0b1bd3adbf7d2840d69ca7f75be1215d8211e8a667fe5"},
    {file = "dbus_fast-4.0.4-cp39-cp39-manylinux2014_aarch64.manylinux_2_17_aarch64.manylinux_2_28_aarch64.whl", hash = "sha256:0827134ae05d0f23349c0505ecc3b54ae8359be7f634b9eb16c8ad2dff9d51bb"},
    {file = "dbus_fast-4.0.4-cp39-cp39-manylinux2014_x86_64.manylinux_2_17_x86_64.manylinux_2_28_x86_64.whl", hash = "sha256:44e605de4e18d0e94690d0ef7270e5f1c396ec30e0aac0ae3cac8886b458965c"},
    {file = "dbus_fast-4.0.4-cp39-cp39-musllinux_1_2_aarch64.whl", hash = "sha256:0c869d1949065d7b3c75d926cd461faa434691b4cf57a10559617821afe30737"},
    {file = "dbus_fast-4.0.4-cp39-cp39-musllinux_1_2_x86_64.whl", hash = "sha256:92b3aaea0e6df4cf83208ae994b08554335166eff726947733b93da748eab641"},
    {file = "dbus_fast-4.0.4.tar.gz", hash = "sha256:43137f0b73a7adbf7d5c0e9eb9d8d34df9e6e0aeafade2166e641c52dfe0a853"},
]

[[package]]
name = "h11"
version = "0.16.0"
description = "A pure-Python, bring-your-own-I/O implementation of HTTP/1.1"
optional = false
python-versions = ">=3.8"
groups = ["main"]
files = [
    {file = "h11-0.16.0-py3-none-any.whl", hash = "sha256:63cf8bbe7522de3bf65932fda1d9c2772064ffb3dae62d55932da54b31cb6c86"},
    {file = "h11-0.16.0.tar.gz", hash = "sha256:4e35b956cf45792e4caa5885e69fba00bdbc6ffafbfa020300e549b208ee5ff1"},
]

[[package]]
name = "uvicorn"
version = "0.44.0"
description = "The lightning-fast ASGI server."
optional = false
python-versions = ">=3.10"
groups = ["main"]
files = [
    {file = "uvicorn-0.44.0-py3-none-any.whl", hash = "sha256:ce937c99a2cc70279556967274414c087888e8cec9f9c94644dfca11bd3ced89"},
    {file = "uvicorn-0.44.0.tar.gz", hash = "sha256:6c942071b68f07e178264b9152f1f16dfac5da85880c4ce06366a96d70d4f31e"},
]

[package.dependencies]
click = ">=7.0"
h11 = ">=0.8"

[package.extras]
standard = ["colorama (>=0.4) ; sys_platform == \"win32\"", "httptools (>=0.6.3)", "python-dotenv (>=0.13)", "pyyaml (>=5.1)", "uvloop (>=0.15.1) ; sys_platform != \"win32\" and sys_platform != \"cygwin\" and platform_python_implementation != \"PyPy\"", "watchfiles (>=0.20)", "websockets (>=10.4)"]

[metadata]
lock-version = "2.1"
python-versions = ">=3.14"
content-hash = "e1d58753d3f885873bb5620e31dc55c0ef1247464d20cd5db43107b4f949f861"
